
Microsoft Visual Studio Solution File, Format Version 12.00
# Visual Studio Version 17
VisualStudioVersion = 17.3.32811.315
MinimumVisualStudioVersion = 10.0.40219.1
Project("{2150E333-8FDC-42A3-9474-1A3956D46DE8}") = "deps", "deps", "{77FDB7B4-3FC6-42CA-953F-AF680EBC6411}"
EndProject
Project("{2150E333-8FDC-42A3-9474-1A3956D46DE8}") = "src", "src", "{1F8B59E8-CF4F-49CD-8B72-13B0F90036AA}"
EndProject
Project("{2150E333-8FDC-42A3-9474-1A3956D46DE8}") = "mod_DotNetCoreEvents", "mod_DotNetCoreEvents", "{D62B7DD4-EAC5-4C40-B6F8-1EAB2C5DCF8A}"
	ProjectSection(SolutionItems) = preProject
		src\mod_DotNetCoreEvents\DotNetCorePlayerScript.cpp = src\mod_DotNetCoreEvents\DotNetCorePlayerScript.cpp
		src\mod_DotNetCoreEvents\DotNetCoreWorldScript.cpp = src\mod_DotNetCoreEvents\DotNetCoreWorldScript.cpp
		src\mod_DotNetCoreEvents\DotNetCore_loader.cpp = src\mod_DotNetCoreEvents\DotNetCore_loader.cpp
	EndProjectSection
EndProject
Project("{2150E333-8FDC-42A3-9474-1A3956D46DE8}") = "mod_WorldServerSDK", "mod_WorldServerSDK", "{275EC2D8-30FF-41CC-9BAA-E20ED4A1E310}"
	ProjectSection(SolutionItems) = preProject
		src\mod_SDK\SDK.cpp = src\mod_SDK\SDK.cpp
		src\mod_SDK\SDK.h = src\mod_SDK\SDK.h
	EndProjectSection
EndProject
Project("{2150E333-8FDC-42A3-9474-1A3956D46DE8}") = "Solution Items", "Solution Items", "{70E903A6-D4E4-46F3-8B07-ED5DDE9EF30F}"
	ProjectSection(SolutionItems) = preProject
		docker-compose.yml = docker-compose.yml
		LICENSE = LICENSE
		mod_AzerothServiceBus.cmake = mod_AzerothServiceBus.cmake
		README.md = README.md
	EndProjectSection
EndProject
Project("{9A19103F-16F7-4668-BE54-9A1E7A4F7556}") = "AzerothServiceBus", "deps\AzerothServiceBus\AzerothServiceBus.csproj", "{F9C01866-E299-40BE-AA63-6778479E1E5D}"
EndProject
Project("{9A19103F-16F7-4668-BE54-9A1E7A4F7556}") = "AzerothServiceBus.Contracts", "deps\AzerothServiceBus.Contracts\AzerothServiceBus.Contracts.csproj", "{875DDC2D-16EF-4ABE-AA4E-EDBF2148D501}"
EndProject
Project("{9A19103F-16F7-4668-BE54-9A1E7A4F7556}") = "AzerthDotNetCoreTests", "deps\AzerthDotNetCoreTests\AzerthDotNetCoreTests.csproj", "{2BBB958B-DC69-467D-B7F6-8B7500601880}"
EndProject
Project("{9A19103F-16F7-4668-BE54-9A1E7A4F7556}") = "DotNetCoreAzeroth", "deps\DotNetCoreAzeroth\DotNetCoreAzeroth.csproj", "{0A2F63A6-23B2-4613-9187-625CA95F6B03}"
EndProject
Project("{9A19103F-16F7-4668-BE54-9A1E7A4F7556}") = "AzerothServiceBus.Server", "deps\DotNetServiceBus.Server\AzerothServiceBus.Server.csproj", "{ADFE1966-9CD8-4DA2-B8D2-78FFC8B0565A}"
EndProject
Global
	GlobalSection(SolutionConfigurationPlatforms) = preSolution
		Debug|Any CPU = Debug|Any CPU
		Release|Any CPU = Release|Any CPU
	EndGlobalSection
	GlobalSection(ProjectConfigurationPlatforms) = postSolution
		{F9C01866-E299-40BE-AA63-6778479E1E5D}.Debug|Any CPU.ActiveCfg = Debug|Any CPU
		{F9C01866-E299-40BE-AA63-6778479E1E5D}.Debug|Any CPU.Build.0 = Debug|Any CPU
		{F9C01866-E299-40BE-AA63-6778479E1E5D}.Release|Any CPU.ActiveCfg = Release|Any CPU
		{F9C01866-E299-40BE-AA63-6778479E1E5D}.Release|Any CPU.Build.0 = Release|Any CPU
		{875DDC2D-16EF-4ABE-AA4E-EDBF2148D501}.Debug|Any CPU.ActiveCfg = Debug|Any CPU
		{875DDC2D-16EF-4ABE-AA4E-EDBF2148D501}.Debug|Any CPU.Build.0 = Debug|Any CPU
		{875DDC2D-16EF-4ABE-AA4E-EDBF2148D501}.Release|Any CPU.ActiveCfg = Release|Any CPU
		{875DDC2D-16EF-4ABE-AA4E-EDBF2148D501}.Release|Any CPU.Build.0 = Release|Any CPU
		{2BBB958B-DC69-467D-B7F6-8B7500601880}.Debug|Any CPU.ActiveCfg = Debug|Any CPU
		{2BBB958B-DC69-467D-B7F6-8B7500601880}.Debug|Any CPU.Build.0 = Debug|Any CPU
		{2BBB958B-DC69-467D-B7F6-8B7500601880}.Release|Any CPU.ActiveCfg = Release|Any CPU
		{2BBB958B-DC69-467D-B7F6-8B7500601880}.Release|Any CPU.Build.0 = Release|Any CPU
		{0A2F63A6-23B2-4613-9187-625CA95F6B03}.Debug|Any CPU.ActiveCfg = Debug|Any CPU
		{0A2F63A6-23B2-4613-9187-625CA95F6B03}.Debug|Any CPU.Build.0 = Debug|Any CPU
		{0A2F63A6-23B2-4613-9187-625CA95F6B03}.Release|Any CPU.ActiveCfg = Release|Any CPU
		{0A2F63A6-23B2-4613-9187-625CA95F6B03}.Release|Any CPU.Build.0 = Release|Any CPU
		{ADFE1966-9CD8-4DA2-B8D2-78FFC8B0565A}.Debug|Any CPU.ActiveCfg = Debug|Any CPU
		{ADFE1966-9CD8-4DA2-B8D2-78FFC8B0565A}.Debug|Any CPU.Build.0 = Debug|Any CPU
		{ADFE1966-9CD8-4DA2-B8D2-78FFC8B0565A}.Release|Any CPU.ActiveCfg = Release|Any CPU
		{ADFE1966-9CD8-4DA2-B8D2-78FFC8B0565A}.Release|Any CPU.Build.0 = Release|Any CPU
	EndGlobalSection
	GlobalSection(SolutionProperties) = preSolution
		HideSolutionNode = FALSE
	EndGlobalSection
	GlobalSection(NestedProjects) = preSolution
		{D62B7DD4-EAC5-4C40-B6F8-1EAB2C5DCF8A} = {1F8B59E8-CF4F-49CD-8B72-13B0F90036AA}
		{275EC2D8-30FF-41CC-9BAA-E20ED4A1E310} = {1F8B59E8-CF4F-49CD-8B72-13B0F90036AA}
		{F9C01866-E299-40BE-AA63-6778479E1E5D} = {77FDB7B4-3FC6-42CA-953F-AF680EBC6411}
		{875DDC2D-16EF-4ABE-AA4E-EDBF2148D501} = {77FDB7B4-3FC6-42CA-953F-AF680EBC6411}
		{2BBB958B-DC69-467D-B7F6-8B7500601880} = {77FDB7B4-3FC6-42CA-953F-AF680EBC6411}
		{0A2F63A6-23B2-4613-9187-625CA95F6B03} = {77FDB7B4-3FC6-42CA-953F-AF680EBC6411}
		{ADFE1966-9CD8-4DA2-B8D2-78FFC8B0565A} = {77FDB7B4-3FC6-42CA-953F-AF680EBC6411}
	EndGlobalSection
	GlobalSection(ExtensibilityGlobals) = postSolution
		SolutionGuid = {B904D99E-3C0A-4475-9985-79E16D15A9D1}
	EndGlobalSection
EndGlobal
